// !$*UTF8*$!
{
	archiveVersion = 1;
	classes = {
	};
	objectVersion = 50;
	objects = {

/* Begin PBXBuildFile section */
		DE0AB2D126FE05B000058FAF /* ChessClick.wav in Resources */ = {isa = PBXBuildFile; fileRef = DE0AB2D026FE05B000058FAF /* ChessClick.wav */; };
		DE0CF45526FBABC9000B7740 /* ChessPiece.swift in Sources */ = {isa = PBXBuildFile; fileRef = DE0CF45426FBABC9000B7740 /* ChessPiece.swift */; };
		DE0CF45726FBACAD000B7740 /* ChessEngine.swift in Sources */ = {isa = PBXBuildFile; fileRef = DE0CF45626FBACAD000B7740 /* ChessEngine.swift */; };
		DE0CF45926FBC259000B7740 /* ChessDelegate.swift in Sources */ = {isa = PBXBuildFile; fileRef = DE0CF45826FBC259000B7740 /* ChessDelegate.swift */; };
		DE1C667F26FB3991001062D5 /* AppDelegate.swift in Sources */ = {isa = PBXBuildFile; fileRef = DE1C667E26FB3991001062D5 /* AppDelegate.swift */; };
		DE1C668326FB3991001062D5 /* ViewController.swift in Sources */ = {isa = PBXBuildFile; fileRef = DE1C668226FB3991001062D5 /* ViewController.swift */; };
		DE1C668626FB3991001062D5 /* Main.storyboard in Resources */ = {isa = PBXBuildFile; fileRef = DE1C668426FB3991001062D5 /* Main.storyboard */; };
		DE1C668826FB3992001062D5 /* Assets.xcassets in Resources */ = {isa = PBXBuildFile; fileRef = DE1C668726FB3992001062D5 /* Assets.xcassets */; };
		DE1C668B26FB3992001062D5 /* LaunchScreen.storyboard in Resources */ = {isa = PBXBuildFile; fileRef = DE1C668926FB3992001062D5 /* LaunchScreen.storyboard */; };
		DE1C669626FB3992001062D5 /* ChessTests.swift in Sources */ = {isa = PBXBuildFile; fileRef = DE1C669526FB3992001062D5 /* ChessTests.swift */; };
		DE1C66A126FB3992001062D5 /* ChessUITests.swift in Sources */ = {isa = PBXBuildFile; fileRef = DE1C66A026FB3992001062D5 /* ChessUITests.swift */; };
		DE1C66AF26FB39DA001062D5 /* BoardView.swift in Sources */ = {isa = PBXBuildFile; fileRef = DE1C66AE26FB39DA001062D5 /* BoardView.swift */; };
		DEC6B066270370240036E072 /* infoPlist.strings in Resources */ = {isa = PBXBuildFile; fileRef = DEC6B065270370240036E072 /* infoPlist.strings */; };
/* End PBXBuildFile section */

/* Begin PBXContainerItemProxy section */
		DE1C669226FB3992001062D5 /* PBXContainerItemProxy */ = {
			isa = PBXContainerItemProxy;
			containerPortal = DE1C667326FB3991001062D5 /* Project object */;
			proxyType = 1;
			remoteGlobalIDString = DE1C667A26FB3991001062D5;
			remoteInfo = Chess;
		};
		DE1C669D26FB3992001062D5 /* PBXContainerItemProxy */ = {
			isa = PBXContainerItemProxy;
			containerPortal = DE1C667326FB3991001062D5 /* Project object */;
			proxyType = 1;
			remoteGlobalIDString = DE1C667A26FB3991001062D5;
			remoteInfo = Chess;
		};
/* End PBXContainerItemProxy section */

/* Begin PBXFileReference section */
		DE0AB2D026FE05B000058FAF /* ChessClick.wav */ = {isa = PBXFileReference; lastKnownFileType = audio.wav; path = ChessClick.wav; sourceTree = "<group>"; };
		DE0CF45426FBABC9000B7740 /* ChessPiece.swift */ = {isa = PBXFileReference; lastKnownFileType = sourcecode.swift; path = ChessPiece.swift; sourceTree = "<group>"; };
		DE0CF45626FBACAD000B7740 /* ChessEngine.swift */ = {isa = PBXFileReference; lastKnownFileType = sourcecode.swift; path = ChessEngine.swift; sourceTree = "<group>"; };
		DE0CF45826FBC259000B7740 /* ChessDelegate.swift */ = {isa = PBXFileReference; lastKnownFileType = sourcecode.swift; path = ChessDelegate.swift; sourceTree = "<group>"; };
		DE1C667B26FB3991001062D5 /* Chess.app */ = {isa = PBXFileReference; explicitFileType = wrapper.application; includeInIndex = 0; path = Chess.app; sourceTree = BUILT_PRODUCTS_DIR; };
		DE1C667E26FB3991001062D5 /* AppDelegate.swift */ = {isa = PBXFileReference; lastKnownFileType = sourcecode.swift; path = AppDelegate.swift; sourceTree = "<group>"; };
		DE1C668226FB3991001062D5 /* ViewController.swift */ = {isa = PBXFileReference; lastKnownFileType = sourcecode.swift; path = ViewController.swift; sourceTree = "<group>"; };
		DE1C668526FB3991001062D5 /* Base */ = {isa = PBXFileReference; lastKnownFileType = file.storyboard; name = Base; path = Base.lproj/Main.storyboard; sourceTree = "<group>"; };
		DE1C668726FB3992001062D5 /* Assets.xcassets */ = {isa = PBXFileReference; lastKnownFileType = folder.assetcatalog; path = Assets.xcassets; sourceTree = "<group>"; };
		DE1C668A26FB3992001062D5 /* Base */ = {isa = PBXFileReference; lastKnownFileType = file.storyboard; name = Base; path = Base.lproj/LaunchScreen.storyboard; sourceTree = "<group>"; };
		DE1C668C26FB3992001062D5 /* Info.plist */ = {isa = PBXFileReference; lastKnownFileType = text.plist.xml; path = Info.plist; sourceTree = "<group>"; };
		DE1C669126FB3992001062D5 /* ChessTests.xctest */ = {isa = PBXFileReference; explicitFileType = wrapper.cfbundle; includeInIndex = 0; path = ChessTests.xctest; sourceTree = BUILT_PRODUCTS_DIR; };
		DE1C669526FB3992001062D5 /* ChessTests.swift */ = {isa = PBXFileReference; lastKnownFileType = sourcecode.swift; path = ChessTests.swift; sourceTree = "<group>"; };
		DE1C669726FB3992001062D5 /* Info.plist */ = {isa = PBXFileReference; lastKnownFileType = text.plist.xml; path = Info.plist; sourceTree = "<group>"; };
		DE1C669C26FB3992001062D5 /* ChessUITests.xctest */ = {isa = PBXFileReference; explicitFileType = wrapper.cfbundle; includeInIndex = 0; path = ChessUITests.xctest; sourceTree = BUILT_PRODUCTS_DIR; };
		DE1C66A026FB3992001062D5 /* ChessUITests.swift */ = {isa = PBXFileReference; lastKnownFileType = sourcecode.swift; path = ChessUITests.swift; sourceTree = "<group>"; };
		DE1C66A226FB3992001062D5 /* Info.plist */ = {isa = PBXFileReference; lastKnownFileType = text.plist.xml; path = Info.plist; sourceTree = "<group>"; };
		DE1C66AE26FB39DA001062D5 /* BoardView.swift */ = {isa = PBXFileReference; lastKnownFileType = sourcecode.swift; path = BoardView.swift; sourceTree = "<group>"; };
		DEC6B065270370240036E072 /* infoPlist.strings */ = {isa = PBXFileReference; lastKnownFileType = text.plist.strings; path = infoPlist.strings; sourceTree = "<group>"; };
/* End PBXFileReference section */

/* Begin PBXFrameworksBuildPhase section */
		DE1C667826FB3991001062D5 /* Frameworks */ = {
			isa = PBXFrameworksBuildPhase;
			buildActionMask = 2147483647;
			files = (
			);
			runOnlyForDeploymentPostprocessing = 0;
		};
		DE1C668E26FB3992001062D5 /* Frameworks */ = {
			isa = PBXFrameworksBuildPhase;
			buildActionMask = 2147483647;
			files = (
			);
			runOnlyForDeploymentPostprocessing = 0;
		};
		DE1C669926FB3992001062D5 /* Frameworks */ = {
			isa = PBXFrameworksBuildPhase;
			buildActionMask = 2147483647;
			files = (
			);
			runOnlyForDeploymentPostprocessing = 0;
		};
/* End PBXFrameworksBuildPhase section */

/* Begin PBXGroup section */
		DE1C667226FB3991001062D5 = {
			isa = PBXGroup;
			children = (
				DE1C667D26FB3991001062D5 /* Chess */,
				DE1C669426FB3992001062D5 /* ChessTests */,
				DE1C669F26FB3992001062D5 /* ChessUITests */,
				DE1C667C26FB3991001062D5 /* Products */,
			);
			sourceTree = "<group>";
		};
		DE1C667C26FB3991001062D5 /* Products */ = {
			isa = PBXGroup;
			children = (
				DE1C667B26FB3991001062D5 /* Chess.app */,
				DE1C669126FB3992001062D5 /* ChessTests.xctest */,
				DE1C669C26FB3992001062D5 /* ChessUITests.xctest */,
			);
			name = Products;
			sourceTree = "<group>";
		};
		DE1C667D26FB3991001062D5 /* Chess */ = {
			isa = PBXGroup;
			children = (
				DE1C667E26FB3991001062D5 /* AppDelegate.swift */,
				DE0CF45826FBC259000B7740 /* ChessDelegate.swift */,
				DE1C66AE26FB39DA001062D5 /* BoardView.swift */,
				DE0CF45626FBACAD000B7740 /* ChessEngine.swift */,
				DE0CF45426FBABC9000B7740 /* ChessPiece.swift */,
				DE1C668226FB3991001062D5 /* ViewController.swift */,
				DE0AB2D026FE05B000058FAF /* ChessClick.wav */,
				DE1C668426FB3991001062D5 /* Main.storyboard */,
				DE1C668726FB3992001062D5 /* Assets.xcassets */,
				DE1C668926FB3992001062D5 /* LaunchScreen.storyboard */,
				DE1C668C26FB3992001062D5 /* Info.plist */,
				DEC6B065270370240036E072 /* infoPlist.strings */,
			);
			path = Chess;
			sourceTree = "<group>";
		};
		DE1C669426FB3992001062D5 /* ChessTests */ = {
			isa = PBXGroup;
			children = (
				DE1C669526FB3992001062D5 /* ChessTests.swift */,
				DE1C669726FB3992001062D5 /* Info.plist */,
			);
			path = ChessTests;
			sourceTree = "<group>";
		};
		DE1C669F26FB3992001062D5 /* ChessUITests */ = {
			isa = PBXGroup;
			children = (
				DE1C66A026FB3992001062D5 /* ChessUITests.swift */,
				DE1C66A226FB3992001062D5 /* Info.plist */,
			);
			path = ChessUITests;
			sourceTree = "<group>";
		};
/* End PBXGroup section */

/* Begin PBXNativeTarget section */
		DE1C667A26FB3991001062D5 /* Chess */ = {
			isa = PBXNativeTarget;
			buildConfigurationList = DE1C66A526FB3992001062D5 /* Build configuration list for PBXNativeTarget "Chess" */;
			buildPhases = (
				DE1C667726FB3991001062D5 /* Sources */,
				DE1C667826FB3991001062D5 /* Frameworks */,
				DE1C667926FB3991001062D5 /* Resources */,
			);
			buildRules = (
			);
			dependencies = (
			);
			name = Chess;
			productName = Chess;
			productReference = DE1C667B26FB3991001062D5 /* Chess.app */;
			productType = "com.apple.product-type.application";
		};
		DE1C669026FB3992001062D5 /* ChessTests */ = {
			isa = PBXNativeTarget;
			buildConfigurationList = DE1C66A826FB3992001062D5 /* Build configuration list for PBXNativeTarget "ChessTests" */;
			buildPhases = (
				DE1C668D26FB3992001062D5 /* Sources */,
				DE1C668E26FB3992001062D5 /* Frameworks */,
				DE1C668F26FB3992001062D5 /* Resources */,
			);
			buildRules = (
			);
			dependencies = (
				DE1C669326FB3992001062D5 /* PBXTargetDependency */,
			);
			name = ChessTests;
			productName = ChessTests;
			productReference = DE1C669126FB3992001062D5 /* ChessTests.xctest */;
			productType = "com.apple.product-type.bundle.unit-test";
		};
		DE1C669B26FB3992001062D5 /* ChessUITests */ = {
			isa = PBXNativeTarget;
			buildConfigurationList = DE1C66AB26FB3992001062D5 /* Build configuration list for PBXNativeTarget "ChessUITests" */;
			buildPhases = (
				DE1C669826FB3992001062D5 /* Sources */,
				DE1C669926FB3992001062D5 /* Frameworks */,
				DE1C669A26FB3992001062D5 /* Resources */,
			);
			buildRules = (
			);
			dependencies = (
				DE1C669E26FB3992001062D5 /* PBXTargetDependency */,
			);
			name = ChessUITests;
			productName = ChessUITests;
			productReference = DE1C669C26FB3992001062D5 /* ChessUITests.xctest */;
			productType = "com.apple.product-type.bundle.ui-testing";
		};
/* End PBXNativeTarget section */

/* Begin PBXProject section */
		DE1C667326FB3991001062D5 /* Project object */ = {
			isa = PBXProject;
			attributes = {
				LastSwiftUpdateCheck = 1250;
				LastUpgradeCheck = 1250;
				TargetAttributes = {
					DE1C667A26FB3991001062D5 = {
						CreatedOnToolsVersion = 12.5.1;
					};
					DE1C669026FB3992001062D5 = {
						CreatedOnToolsVersion = 12.5.1;
						TestTargetID = DE1C667A26FB3991001062D5;
					};
					DE1C669B26FB3992001062D5 = {
						CreatedOnToolsVersion = 12.5.1;
						TestTargetID = DE1C667A26FB3991001062D5;
					};
				};
			};
			buildConfigurationList = DE1C667626FB3991001062D5 /* Build configuration list for PBXProject "Chess" */;
			compatibilityVersion = "Xcode 9.3";
			developmentRegion = en;
			hasScannedForEncodings = 0;
			knownRegions = (
				en,
				Base,
			);
			mainGroup = DE1C667226FB3991001062D5;
			productRefGroup = DE1C667C26FB3991001062D5 /* Products */;
			projectDirPath = "";
			projectRoot = "";
			targets = (
				DE1C667A26FB3991001062D5 /* Chess */,
				DE1C669026FB3992001062D5 /* ChessTests */,
				DE1C669B26FB3992001062D5 /* ChessUITests */,
			);
		};
/* End PBXProject section */

/* Begin PBXResourcesBuildPhase section */
		DE1C667926FB3991001062D5 /* Resources */ = {
			isa = PBXResourcesBuildPhase;
			buildActionMask = 2147483647;
			files = (
				DE1C668B26FB3992001062D5 /* LaunchScreen.storyboard in Resources */,
				DE1C668826FB3992001062D5 /* Assets.xcassets in Resources */,
				DE0AB2D126FE05B000058FAF /* ChessClick.wav in Resources */,
				DE1C668626FB3991001062D5 /* Main.storyboard in Resources */,
				DEC6B066270370240036E072 /* infoPlist.strings in Resources */,
			);
			runOnlyForDeploymentPostprocessing = 0;
		};
		DE1C668F26FB3992001062D5 /* Resources */ = {
			isa = PBXResourcesBuildPhase;
			buildActionMask = 2147483647;
			files = (
			);
			runOnlyForDeploymentPostprocessing = 0;
		};
		DE1C669A26FB3992001062D5 /* Resources */ = {
			isa = PBXResourcesBuildPhase;
			buildActionMask = 2147483647;
			files = (
			);
			runOnlyForDeploymentPostprocessing = 0;
		};
/* End PBXResourcesBuildPhase section */

/* Begin PBXSourcesBuildPhase section */
		DE1C667726FB3991001062D5 /* Sources */ = {
			isa = PBXSourcesBuildPhase;
			buildActionMask = 2147483647;
			files = (
				DE0CF45726FBACAD000B7740 /* ChessEngine.swift in Sources */,
				DE1C668326FB3991001062D5 /* ViewController.swift in Sources */,
				DE0CF45926FBC259000B7740 /* ChessDelegate.swift in Sources */,
				DE1C66AF26FB39DA001062D5 /* BoardView.swift in Sources */,
				DE1C667F26FB3991001062D5 /* AppDelegate.swift in Sources */,
				DE0CF45526FBABC9000B7740 /* ChessPiece.swift in Sources */,
			);
			runOnlyForDeploymentPostprocessing = 0;
		};
		DE1C668D26FB3992001062D5 /* Sources */ = {
			isa = PBXSourcesBuildPhase;
			buildActionMask = 2147483647;
			files = (
				DE1C669626FB3992001062D5 /* ChessTests.swift in Sources */,
			);
			runOnlyForDeploymentPostprocessing = 0;
		};
		DE1C669826FB3992001062D5 /* Sources */ = {
			isa = PBXSourcesBuildPhase;
			buildActionMask = 2147483647;
			files = (
				DE1C66A126FB3992001062D5 /* ChessUITests.swift in Sources */,
			);
			runOnlyForDeploymentPostprocessing = 0;
		};
/* End PBXSourcesBuildPhase section */

/* Begin PBXTargetDependency section */
		DE1C669326FB3992001062D5 /* PBXTargetDependency */ = {
			isa = PBXTargetDependency;
			target = DE1C667A26FB3991001062D5 /* Chess */;
			targetProxy = DE1C669226FB3992001062D5 /* PBXContainerItemProxy */;
		};
		DE1C669E26FB3992001062D5 /* PBXTargetDependency */ = {
			isa = PBXTargetDependency;
			target = DE1C667A26FB3991001062D5 /* Chess */;
			targetProxy = DE1C669D26FB3992001062D5 /* PBXContainerItemProxy */;
		};
/* End PBXTargetDependency section */

/* Begin PBXVariantGroup section */
		DE1C668426FB3991001062D5 /* Main.storyboard */ = {
			isa = PBXVariantGroup;
			children = (
				DE1C668526FB3991001062D5 /* Base */,
			);
			name = Main.storyboard;
			sourceTree = "<group>";
		};
		DE1C668926FB3992001062D5 /* LaunchScreen.storyboard */ = {
			isa = PBXVariantGroup;
			children = (
				DE1C668A26FB3992001062D5 /* Base */,
			);
			name = LaunchScreen.storyboard;
			sourceTree = "<group>";
		};
/* End PBXVariantGroup section */

/* Begin XCBuildConfiguration section */
		DE1C66A326FB3992001062D5 /* Debug */ = {
			isa = XCBuildConfiguration;
			buildSettings = {
				ALWAYS_SEARCH_USER_PATHS = NO;
				CLANG_ANALYZER_NONNULL = YES;
				CLANG_ANALYZER_NUMBER_OBJECT_CONVERSION = YES_AGGRESSIVE;
				CLANG_CXX_LANGUAGE_STANDARD = "gnu++14";
				CLANG_CXX_LIBRARY = "libc++";
				CLANG_ENABLE_MODULES = YES;
				CLANG_ENABLE_OBJC_ARC = YES;
				CLANG_ENABLE_OBJC_WEAK = YES;
				CLANG_WARN_BLOCK_CAPTURE_AUTORELEASING = YES;
				CLANG_WARN_BOOL_CONVERSION = YES;
				CLANG_WARN_COMMA = YES;
				CLANG_WARN_CONSTANT_CONVERSION = YES;
				CLANG_WARN_DEPRECATED_OBJC_IMPLEMENTATIONS = YES;
				CLANG_WARN_DIRECT_OBJC_ISA_USAGE = YES_ERROR;
				CLANG_WARN_DOCUMENTATION_COMMENTS = YES;
				CLANG_WARN_EMPTY_BODY = YES;
				CLANG_WARN_ENUM_CONVERSION = YES;
				CLANG_WARN_INFINITE_RECURSION = YES;
				CLANG_WARN_INT_CONVERSION = YES;
				CLANG_WARN_NON_LITERAL_NULL_CONVERSION = YES;
				CLANG_WARN_OBJC_IMPLICIT_RETAIN_SELF = YES;
				CLANG_WARN_OBJC_LITERAL_CONVERSION = YES;
				CLANG_WARN_OBJC_ROOT_CLASS = YES_ERROR;
				CLANG_WARN_QUOTED_INCLUDE_IN_FRAMEWORK_HEADER = YES;
				CLANG_WARN_RANGE_LOOP_ANALYSIS = YES;
				CLANG_WARN_STRICT_PROTOTYPES = YES;
				CLANG_WARN_SUSPICIOUS_MOVE = YES;
				CLANG_WARN_UNGUARDED_AVAILABILITY = YES_AGGRESSIVE;
				CLANG_WARN_UNREACHABLE_CODE = YES;
				CLANG_WARN__DUPLICATE_METHOD_MATCH = YES;
				COPY_PHASE_STRIP = NO;
				DEBUG_INFORMATION_FORMAT = dwarf;
				ENABLE_STRICT_OBJC_MSGSEND = YES;
				ENABLE_TESTABILITY = YES;
				GCC_C_LANGUAGE_STANDARD = gnu11;
				GCC_DYNAMIC_NO_PIC = NO;
				GCC_NO_COMMON_BLOCKS = YES;
				GCC_OPTIMIZATION_LEVEL = 0;
				GCC_PREPROCESSOR_DEFINITIONS = (
					"DEBUG=1",
					"$(inherited)",
				);
				GCC_WARN_64_TO_32_BIT_CONVERSION = YES;
				GCC_WARN_ABOUT_RETURN_TYPE = YES_ERROR;
				GCC_WARN_UNDECLARED_SELECTOR = YES;
				GCC_WARN_UNINITIALIZED_AUTOS = YES_AGGRESSIVE;
				GCC_WARN_UNUSED_FUNCTION = YES;
				GCC_WARN_UNUSED_VARIABLE = YES;
				IPHONEOS_DEPLOYMENT_TARGET = 10.3;
				MTL_ENABLE_DEBUG_INFO = INCLUDE_SOURCE;
				MTL_FAST_MATH = YES;
				ONLY_ACTIVE_ARCH = YES;
				SDKROOT = iphoneos;
				SWIFT_ACTIVE_COMPILATION_CONDITIONS = DEBUG;
				SWIFT_OPTIMIZATION_LEVEL = "-Onone";
			};
			name = Debug;
		};
		DE1C66A426FB3992001062D5 /* Release */ = {
			isa = XCBuildConfiguration;
			buildSettings = {
				ALWAYS_SEARCH_USER_PATHS = NO;
				CLANG_ANALYZER_NONNULL = YES;
				CLANG_ANALYZER_NUMBER_OBJECT_CONVERSION = YES_AGGRESSIVE;
				CLANG_CXX_LANGUAGE_STANDARD = "gnu++14";
				CLANG_CXX_LIBRARY = "libc++";
				CLANG_ENABLE_MODULES = YES;
				CLANG_ENABLE_OBJC_ARC = YES;
				CLANG_ENABLE_OBJC_WEAK = YES;
				CLANG_WARN_BLOCK_CAPTURE_AUTORELEASING = YES;
				CLANG_WARN_BOOL_CONVERSION = YES;
				CLANG_WARN_COMMA = YES;
				CLANG_WARN_CONSTANT_CONVERSION = YES;
				CLANG_WARN_DEPRECATED_OBJC_IMPLEMENTATIONS = YES;
				CLANG_WARN_DIRECT_OBJC_ISA_USAGE = YES_ERROR;
				CLANG_WARN_DOCUMENTATION_COMMENTS = YES;
				CLANG_WARN_EMPTY_BODY = YES;
				CLANG_WARN_ENUM_CONVERSION = YES;
				CLANG_WARN_INFINITE_RECURSION = YES;
				CLANG_WARN_INT_CONVERSION = YES;
				CLANG_WARN_NON_LITERAL_NULL_CONVERSION = YES;
				CLANG_WARN_OBJC_IMPLICIT_RETAIN_SELF = YES;
				CLANG_WARN_OBJC_LITERAL_CONVERSION = YES;
				CLANG_WARN_OBJC_ROOT_CLASS = YES_ERROR;
				CLANG_WARN_QUOTED_INCLUDE_IN_FRAMEWORK_HEADER = YES;
				CLANG_WARN_RANGE_LOOP_ANALYSIS = YES;
				CLANG_WARN_STRICT_PROTOTYPES = YES;
				CLANG_WARN_SUSPICIOUS_MOVE = YES;
				CLANG_WARN_UNGUARDED_AVAILABILITY = YES_AGGRESSIVE;
				CLANG_WARN_UNREACHABLE_CODE = YES;
				CLANG_WARN__DUPLICATE_METHOD_MATCH = YES;
				COPY_PHASE_STRIP = NO;
				DEBUG_INFORMATION_FORMAT = "dwarf-with-dsym";
				ENABLE_NS_ASSERTIONS = NO;
				ENABLE_STRICT_OBJC_MSGSEND = YES;
				GCC_C_LANGUAGE_STANDARD = gnu11;
				GCC_NO_COMMON_BLOCKS = YES;
				GCC_WARN_64_TO_32_BIT_CONVERSION = YES;
				GCC_WARN_ABOUT_RETURN_TYPE = YES_ERROR;
				GCC_WARN_UNDECLARED_SELECTOR = YES;
				GCC_WARN_UNINITIALIZED_AUTOS = YES_AGGRESSIVE;
				GCC_WARN_UNUSED_FUNCTION = YES;
				GCC_WARN_UNUSED_VARIABLE = YES;
				IPHONEOS_DEPLOYMENT_TARGET = 10.3;
				MTL_ENABLE_DEBUG_INFO = NO;
				MTL_FAST_MATH = YES;
				SDKROOT = iphoneos;
				SWIFT_COMPILATION_MODE = wholemodule;
				SWIFT_OPTIMIZATION_LEVEL = "-O";
				VALIDATE_PRODUCT = YES;
			};
			name = Release;
		};
		DE1C66A626FB3992001062D5 /* Debug */ = {
			isa = XCBuildConfiguration;
			buildSettings = {
				ASSETCATALOG_COMPILER_APPICON_NAME = AppIcon;
				ASSETCATALOG_COMPILER_GLOBAL_ACCENT_COLOR_NAME = AccentColor;
				CODE_SIGN_STYLE = Automatic;
				DEVELOPMENT_TEAM = 2V5Z2558JH;
				INFOPLIST_FILE = Chess/Info.plist;
				LD_RUNPATH_SEARCH_PATHS = (
					"$(inherited)",
					"@executable_path/Frameworks",
				);
				PRODUCT_BUNDLE_IDENTIFIER = "ru.Golovin-Danil.Chess";
				PRODUCT_NAME = "$(TARGET_NAME)";
				SWIFT_VERSION = 5.0;
				TARGETED_DEVICE_FAMILY = "1,2";
			};
			name = Debug;
		};
		DE1C66A726FB3992001062D5 /* Release */ = {
			isa = XCBuildConfiguration;
			buildSettings = {
				ASSETCATALOG_COMPILER_APPICON_NAME = AppIcon;
				ASSETCATALOG_COMPILER_GLOBAL_ACCENT_COLOR_NAME = AccentColor;
				CODE_SIGN_STYLE = Automatic;
				DEVELOPMENT_TEAM = 2V5Z2558JH;
				INFOPLIST_FILE = Chess/Info.plist;
				LD_RUNPATH_SEARCH_PATHS = (
					"$(inherited)",
					"@executable_path/Frameworks",
				);
				PRODUCT_BUNDLE_IDENTIFIER = "ru.Golovin-Danil.Chess";
				PRODUCT_NAME = "$(TARGET_NAME)";
				SWIFT_VERSION = 5.0;
				TARGETED_DEVICE_FAMILY = "1,2";
			};
			name = Release;
		};
		DE1C66A926FB3992001062D5 /* Debug */ = {
			isa = XCBuildConfiguration;
			buildSettings = {
				ALWAYS_EMBED_SWIFT_STANDARD_LIBRARIES = YES;
				BUNDLE_LOADER = "$(TEST_HOST)";
				CODE_SIGN_STYLE = Automatic;
				INFOPLIST_FILE = ChessTests/Info.plist;
				IPHONEOS_DEPLOYMENT_TARGET = 14.5;
				LD_RUNPATH_SEARCH_PATHS = (
					"$(inherited)",
					"@executable_path/Frameworks",
					"@loader_path/Frameworks",
				);
				PRODUCT_BUNDLE_IDENTIFIER = "ru.Golovin-Danil.ChessTests";
				PRODUCT_NAME = "$(TARGET_NAME)";
				SWIFT_VERSION = 5.0;
				TARGETED_DEVICE_FAMILY = "1,2";
				TEST_HOST = "$(BUILT_PRODUCTS_DIR)/Chess.app/Chess";
			};
			name = Debug;
		};
		DE1C66AA26FB3992001062D5 /* Release */ = {
			isa = XCBuildConfiguration;
			buildSettings = {
				ALWAYS_EMBED_SWIFT_STANDARD_LIBRARIES = YES;
				BUNDLE_LOADER = "$(TEST_HOST)";
				CODE_SIGN_STYLE = Automatic;
				INFOPLIST_FILE = ChessTests/Info.plist;
				IPHONEOS_DEPLOYMENT_TARGET = 14.5;
				LD_RUNPATH_SEARCH_PATHS = (
					"$(inherited)",
					"@executable_path/Frameworks",
					"@loader_path/Frameworks",
				);
				PRODUCT_BUNDLE_IDENTIFIER = "ru.Golovin-Danil.ChessTests";
				PRODUCT_NAME = "$(TARGET_NAME)";
				SWIFT_VERSION = 5.0;
				TARGETED_DEVICE_FAMILY = "1,2";
				TEST_HOST = "$(BUILT_PRODUCTS_DIR)/Chess.app/Chess";
			};
			name = Release;
		};
		DE1C66AC26FB3992001062D5 /* Debug */ = {
			isa = XCBuildConfiguration;
			buildSettings = {
				ALWAYS_EMBED_SWIFT_STANDARD_LIBRARIES = YES;
				CODE_SIGN_STYLE = Automatic;
				INFOPLIST_FILE = ChessUITests/Info.plist;
				LD_RUNPATH_SEARCH_PATHS = (
					"$(inherited)",
					"@executable_path/Frameworks",
					"@loader_path/Frameworks",
				);
				PRODUCT_BUNDLE_IDENTIFIER = "ru.Golovin-Danil.ChessUITests";
				PRODUCT_NAME = "$(TARGET_NAME)";
				SWIFT_VERSION = 5.0;
				TARGETED_DEVICE_FAMILY = "1,2";
				TEST_TARGET_NAME = Chess;
			};
			name = Debug;
		};
		DE1C66AD26FB3992001062D5 /* Release */ = {
			isa = XCBuildConfiguration;
			buildSettings = {
				ALWAYS_EMBED_SWIFT_STANDARD_LIBRARIES = YES;
				CODE_SIGN_STYLE = Automatic;
				INFOPLIST_FILE = ChessUITests/Info.plist;
				LD_RUNPATH_SEARCH_PATHS = (
					"$(inherited)",
					"@executable_path/Frameworks",
					"@loader_path/Frameworks",
				);
				PRODUCT_BUNDLE_IDENTIFIER = "ru.Golovin-Danil.ChessUITests";
				PRODUCT_NAME = "$(TARGET_NAME)";
				SWIFT_VERSION = 5.0;
				TARGETED_DEVICE_FAMILY = "1,2";
				TEST_TARGET_NAME = Chess;
			};
			name = Release;
		};
/* End XCBuildConfiguration section */

/* Begin XCConfigurationList section */
		DE1C667626FB3991001062D5 /* Build configuration list for PBXProject "Chess" */ = {
			isa = XCConfigurationList;
			buildConfigurations = (
				DE1C66A326FB3992001062D5 /* Debug */,
				DE1C66A426FB3992001062D5 /* Release */,
			);
			defaultConfigurationIsVisible = 0;
			defaultConfigurationName = Release;
		};
		DE1C66A526FB3992001062D5 /* Build configuration list for PBXNativeTarget "Chess" */ = {
			isa = XCConfigurationList;
			buildConfigurations = (
				DE1C66A626FB3992001062D5 /* Debug */,
				DE1C66A726FB3992001062D5 /* Release */,
			);
			defaultConfigurationIsVisible = 0;
			defaultConfigurationName = Release;
		};
		DE1C66A826FB3992001062D5 /* Build configuration list for PBXNativeTarget "ChessTests" */ = {
			isa = XCConfigurationList;
			buildConfigurations = (
				DE1C66A926FB3992001062D5 /* Debug */,
				DE1C66AA26FB3992001062D5 /* Release */,
			);
			defaultConfigurationIsVisible = 0;
			defaultConfigurationName = Release;
		};
		DE1C66AB26FB3992001062D5 /* Build configuration list for PBXNativeTarget "ChessUITests" */ = {
			isa = XCConfigurationList;
			buildConfigurations = (
				DE1C66AC26FB3992001062D5 /* Debug */,
				DE1C66AD26FB3992001062D5 /* Release */,
			);
			defaultConfigurationIsVisible = 0;
			defaultConfigurationName = Release;
		};
/* End XCConfigurationList section */
	};
	rootObject = DE1C667326FB3991001062D5 /* Project object */;
}
